
Microsoft Visual Studio Solution File, Format Version 12.00
# Visual Studio Version 17
VisualStudioVersion = 17.14.36623.8 d17.14
MinimumVisualStudioVersion = 10.0.40219.1
Project("{FAE04EC0-301F-11D3-BF4B-00C04F79EFBC}") = "LeaveManagementSystem.Web", "LeaveManagementSystem.Web\LeaveManagementSystem.Web.csproj", "{561CF769-C60D-41AF-BD8B-DF37F6E18CD0}"
EndProject
Global
	GlobalSection(SolutionConfigurationPlatforms) = preSolution
		Debug|Any CPU = Debug|Any CPU
		Release|Any CPU = Release|Any CPU
	EndGlobalSection
	GlobalSection(ProjectConfigurationPlatforms) = postSolution
		{561CF769-C60D-41AF-BD8B-DF37F6E18CD0}.Debug|Any CPU.ActiveCfg = Debug|Any CPU
		{561CF769-C60D-41AF-BD8B-DF37F6E18CD0}.Debug|Any CPU.Build.0 = Debug|Any CPU
		{561CF769-C60D-41AF-BD8B-DF37F6E18CD0}.Release|Any CPU.ActiveCfg = Release|Any CPU
		{561CF769-C60D-41AF-BD8B-DF37F6E18CD0}.Release|Any CPU.Build.0 = Release|Any CPU
	EndGlobalSection
	GlobalSection(SolutionProperties) = preSolution
		HideSolutionNode = FALSE
	EndGlobalSection
	GlobalSection(ExtensibilityGlobals) = postSolution
		SolutionGuid = {D0D56CD8-3286-48B5-98DD-3AA4786F821C}
	EndGlobalSection
EndGlobal
